
Microsoft Visual Studio Solution File, Format Version 12.00
# Visual Studio 15
VisualStudioVersion = 15.0.28010.2041
MinimumVisualStudioVersion = 10.0.40219.1
Project("{9A19103F-16F7-4668-BE54-9A1E7A4F7556}") = "GameEngine", "GameEngine\GameEngine.csproj", "{4F0AFFC6-E7BC-4595-AD8D-188CDBADD91B}"
EndProject
Project("{FAE04EC0-301F-11D3-BF4B-00C04F79EFBC}") = "FiaConsole", "FiaConsole\FiaConsole.csproj", "{956C3C26-018B-41EB-ACA4-84DCA5205EF3}"
EndProject
Global
	GlobalSection(SolutionConfigurationPlatforms) = preSolution
		Debug|Any CPU = Debug|Any CPU
		Release|Any CPU = Release|Any CPU
	EndGlobalSection
	GlobalSection(ProjectConfigurationPlatforms) = postSolution
		{4F0AFFC6-E7BC-4595-AD8D-188CDBADD91B}.Debug|Any CPU.ActiveCfg = Debug|Any CPU
		{4F0AFFC6-E7BC-4595-AD8D-188CDBADD91B}.Debug|Any CPU.Build.0 = Debug|Any CPU
		{4F0AFFC6-E7BC-4595-AD8D-188CDBADD91B}.Release|Any CPU.ActiveCfg = Release|Any CPU
		{4F0AFFC6-E7BC-4595-AD8D-188CDBADD91B}.Release|Any CPU.Build.0 = Release|Any CPU
		{956C3C26-018B-41EB-ACA4-84DCA5205EF3}.Debug|Any CPU.ActiveCfg = Debug|Any CPU
		{956C3C26-018B-41EB-ACA4-84DCA5205EF3}.Debug|Any CPU.Build.0 = Debug|Any CPU
		{956C3C26-018B-41EB-ACA4-84DCA5205EF3}.Release|Any CPU.ActiveCfg = Release|Any CPU
		{956C3C26-018B-41EB-ACA4-84DCA5205EF3}.Release|Any CPU.Build.0 = Release|Any CPU
	EndGlobalSection
	GlobalSection(SolutionProperties) = preSolution
		HideSolutionNode = FALSE
	EndGlobalSection
	GlobalSection(ExtensibilityGlobals) = postSolution
		SolutionGuid = {EF124967-A142-4783-8078-EADCFCCE52F3}
	EndGlobalSection
EndGlobal
